
Microsoft Visual Studio Solution File, Format Version 12.00
# Visual Studio 2012
# Ranorex Studio 10.1.0
VisualStudioVersion = 12.0.20827.3
MinimumVisualStudioVersion = 10.0.40219.1
Project("{2150E333-8FDC-42A3-9474-1A3956D46DE8}") = "Solution Items", "Solution Items", "{6F319375-5478-4976-AF2D-846735C5182F}"
	ProjectSection(SolutionItems) = postProject
		Ranorex = .\Ranorex.rxsettings
	EndProjectSection
EndProject
Project("{FAE04EC0-301F-11D3-BF4B-00C04F79EFBC}") = "Automation_IFM", "BudgetItemAutomationIFM\Automation_IFM.csproj", "{ACDE8D52-E638-4017-88D7-895F490CB84E}"
EndProject
Project("{FAE04EC0-301F-11D3-BF4B-00C04F79EFBC}") = "Automation_CreateNewClient_IFM", "Automation_CreateNewClient_IFM\Automation_CreateNewClient_IFM.csproj", "{1F9B4987-2111-4943-A289-5AB789AFD91D}"
EndProject
Project("{FAE04EC0-301F-11D3-BF4B-00C04F79EFBC}") = "MasterProject", "MasterProject\MasterProject.csproj", "{B69ACAA7-BFF7-4AC5-A495-D4CB11CD7178}"
EndProject
Global
	GlobalSection(SolutionConfigurationPlatforms) = preSolution
		Debug|x86 = Debug|x86
		Release|x86 = Release|x86
	EndGlobalSection
	GlobalSection(ProjectConfigurationPlatforms) = postSolution
		{ACDE8D52-E638-4017-88D7-895F490CB84E}.Debug|x86.Build.0 = Debug|x86
		{ACDE8D52-E638-4017-88D7-895F490CB84E}.Debug|x86.ActiveCfg = Debug|x86
		{ACDE8D52-E638-4017-88D7-895F490CB84E}.Release|x86.Build.0 = Release|x86
		{ACDE8D52-E638-4017-88D7-895F490CB84E}.Release|x86.ActiveCfg = Release|x86
		{1F9B4987-2111-4943-A289-5AB789AFD91D}.Debug|x86.Build.0 = Debug|x86
		{1F9B4987-2111-4943-A289-5AB789AFD91D}.Debug|x86.ActiveCfg = Debug|x86
		{1F9B4987-2111-4943-A289-5AB789AFD91D}.Release|x86.Build.0 = Release|x86
		{1F9B4987-2111-4943-A289-5AB789AFD91D}.Release|x86.ActiveCfg = Release|x86
		{B69ACAA7-BFF7-4AC5-A495-D4CB11CD7178}.Debug|x86.Build.0 = Debug|x86
		{B69ACAA7-BFF7-4AC5-A495-D4CB11CD7178}.Debug|x86.ActiveCfg = Debug|x86
		{B69ACAA7-BFF7-4AC5-A495-D4CB11CD7178}.Release|x86.Build.0 = Release|x86
		{B69ACAA7-BFF7-4AC5-A495-D4CB11CD7178}.Release|x86.ActiveCfg = Release|x86
	EndGlobalSection
EndGlobal
